
Microsoft Visual Studio Solution File, Format Version 12.00
# Visual Studio Version 16
VisualStudioVersion = 16.0.32413.511
MinimumVisualStudioVersion = 10.0.40219.1
Project("{FAE04EC0-301F-11D3-BF4B-00C04F79EFBC}") = "ConsoleAppCheckLifeTimeFiles", "ConsoleAppCheckLifeTimeFiles\ConsoleAppCheckLifeTimeFiles.csproj", "{43DEBE03-7D9C-432D-AA4B-EF819E7938A4}"
EndProject
Global
	GlobalSection(SolutionConfigurationPlatforms) = preSolution
		Debug|Any CPU = Debug|Any CPU
		Release|Any CPU = Release|Any CPU
	EndGlobalSection
	GlobalSection(ProjectConfigurationPlatforms) = postSolution
		{43DEBE03-7D9C-432D-AA4B-EF819E7938A4}.Debug|Any CPU.ActiveCfg = Debug|Any CPU
		{43DEBE03-7D9C-432D-AA4B-EF819E7938A4}.Debug|Any CPU.Build.0 = Debug|Any CPU
		{43DEBE03-7D9C-432D-AA4B-EF819E7938A4}.Release|Any CPU.ActiveCfg = Release|Any CPU
		{43DEBE03-7D9C-432D-AA4B-EF819E7938A4}.Release|Any CPU.Build.0 = Release|Any CPU
	EndGlobalSection
	GlobalSection(SolutionProperties) = preSolution
		HideSolutionNode = FALSE
	EndGlobalSection
	GlobalSection(ExtensibilityGlobals) = postSolution
		SolutionGuid = {F6E68B77-E944-44E5-9A26-0C363AF1AC4E}
	EndGlobalSection
EndGlobal
